
Microsoft Visual Studio Solution File, Format Version 12.00
# Visual Studio 15
VisualStudioVersion = 15.0.27703.2026
MinimumVisualStudioVersion = 10.0.40219.1
Project("{FAE04EC0-301F-11D3-BF4B-00C04F79EFBC}") = "learnAzureWebApp", "learnAzureWebApp\learnAzureWebApp.csproj", "{4A566F61-1AD4-4B77-9D6F-A8647217E9CE}"
EndProject
Global
	GlobalSection(SolutionConfigurationPlatforms) = preSolution
		Debug|Any CPU = Debug|Any CPU
		Release|Any CPU = Release|Any CPU
	EndGlobalSection
	GlobalSection(ProjectConfigurationPlatforms) = postSolution
		{4A566F61-1AD4-4B77-9D6F-A8647217E9CE}.Debug|Any CPU.ActiveCfg = Debug|Any CPU
		{4A566F61-1AD4-4B77-9D6F-A8647217E9CE}.Debug|Any CPU.Build.0 = Debug|Any CPU
		{4A566F61-1AD4-4B77-9D6F-A8647217E9CE}.Release|Any CPU.ActiveCfg = Release|Any CPU
		{4A566F61-1AD4-4B77-9D6F-A8647217E9CE}.Release|Any CPU.Build.0 = Release|Any CPU
	EndGlobalSection
	GlobalSection(SolutionProperties) = preSolution
		HideSolutionNode = FALSE
	EndGlobalSection
	GlobalSection(ExtensibilityGlobals) = postSolution
		SolutionGuid = {5C6A2B2D-DA31-4E4B-AE44-5D1C60B31DC6}
	EndGlobalSection
EndGlobal
